<?xml version="1.0" encoding="UTF-8" standalone="yes" ?>
<CodeBlocks_project_file>
	<FileVersion major="1" minor="6" />
	<Project>
		<Option title="Android_Multi" />
		<Option pch_mode="2" />
		<Option compiler="gcc" />
		<Build>
			<Target title="Release">
				<Option output="bin/Release/Android_Multi" prefix_auto="1" extension_auto="1" />
				<Option object_output="obj/Release/" />
				<Option type="1" />
				<Option compiler="gcc" />
				<Compiler>
					<Add option="-O2" />
					<Add directory="../../SFML-2.3.1/include" />
					<Add directory="../../SFML-2.3.1/TGUI-0.6/include" />
				</Compiler>
				<Linker>
					<Add option="-s" />
					<Add library="..\..\SFML-2.3.1\lib\libsfml-audio.a" />
					<Add library="..\..\SFML-2.3.1\lib\libsfml-graphics.a" />
					<Add library="..\..\SFML-2.3.1\lib\libsfml-main.a" />
					<Add library="..\..\SFML-2.3.1\lib\libsfml-network.a" />
					<Add library="..\..\SFML-2.3.1\lib\libsfml-system.a" />
					<Add library="..\..\SFML-2.3.1\lib\libsfml-window.a" />
					<Add library="..\..\SFML-2.3.1\TGUI-0.6\lib\libtgui.a" />
					<Add directory="../../SFML-2.3.1/lib" />
					<Add directory="../../SFML-2.3.1/TGUI-0.6/lib" />
				</Linker>
			</Target>
		</Build>
		<Compiler>
			<Add option="-Wall" />
			<Add option="-fexceptions" />
		</Compiler>
		<Unit filename="ErrorHandling.cpp" />
		<Unit filename="ErrorHandling.h" />
		<Unit filename="Menu_Main.cpp" />
		<Unit filename="Menu_Main.h" />
		<Unit filename="Menu_Reference.cpp" />
		<Unit filename="Menu_Reference.h" />
		<Unit filename="Menu_Trouble.cpp" />
		<Unit filename="Menu_Trouble.h" />
		<Unit filename="Menu_Tutorials.cpp" />
		<Unit filename="Menu_Tutorials.h" />
		<Unit filename="ObjectCreateFunc.cpp" />
		<Unit filename="ObjectCreateFunc.h" />
		<Unit filename="ThreadHandling.cpp" />
		<Unit filename="ThreadHandling.h" />
		<Unit filename="arg.cpp" />
		<Unit filename="arg.h" />
		<Unit filename="main.cpp" />
		<Unit filename="src/Objects/ObjectCreateFunc.h" />
		<Extensions>
			<code_completion />
			<envvars />
			<debugger />
			<lib_finder disable_auto="1" />
		</Extensions>
	</Project>
</CodeBlocks_project_file>
